Microsoft Visual Studio Solution File, Format Version 12.00
# Visual Studio Version 17
VisualStudioVersion = 17.5.2.0
MinimumVisualStudioVersion = 10.0.40219.1
Project("{FAE04EC0-301F-11D3-BF4B-00C04F79EFBC}") = "Orbit.Api", "Orbit.Api\Orbit.Api.csproj", "{DCD11832-F7A2-CC6B-3110-57F9FD430C80}"
EndProject
Project("{FAE04EC0-301F-11D3-BF4B-00C04F79EFBC}") = "Orbit.Application", "Orbit.Application\Orbit.Application.csproj", "{DFB69DEB-5744-D5CE-707C-3429B2F12921}"
EndProject
Project("{FAE04EC0-301F-11D3-BF4B-00C04F79EFBC}") = "Orbit.Domain", "Orbit.Domain\Orbit.Domain.csproj", "{4680EED0-6FA4-34BE-A65A-77EEA7632296}"
EndProject
Project("{FAE04EC0-301F-11D3-BF4B-00C04F79EFBC}") = "Orbit.Infrastructure", "Orbit.Infrastructure\Orbit.Infrastructure.csproj", "{0CD7C2C0-0345-D40F-DA3F-3C02C9D6328C}"
EndProject
Global
	GlobalSection(SolutionConfigurationPlatforms) = preSolution
		Debug|Any CPU = Debug|Any CPU
		Release|Any CPU = Release|Any CPU
	EndGlobalSection
	GlobalSection(ProjectConfigurationPlatforms) = postSolution
		{DCD11832-F7A2-CC6B-3110-57F9FD430C80}.Debug|Any CPU.ActiveCfg = Debug|Any CPU
		{DCD11832-F7A2-CC6B-3110-57F9FD430C80}.Debug|Any CPU.Build.0 = Debug|Any CPU
		{DCD11832-F7A2-CC6B-3110-57F9FD430C80}.Release|Any CPU.ActiveCfg = Release|Any CPU
		{DCD11832-F7A2-CC6B-3110-57F9FD430C80}.Release|Any CPU.Build.0 = Release|Any CPU
		{DFB69DEB-5744-D5CE-707C-3429B2F12921}.Debug|Any CPU.ActiveCfg = Debug|Any CPU
		{DFB69DEB-5744-D5CE-707C-3429B2F12921}.Debug|Any CPU.Build.0 = Debug|Any CPU
		{DFB69DEB-5744-D5CE-707C-3429B2F12921}.Release|Any CPU.ActiveCfg = Release|Any CPU
		{DFB69DEB-5744-D5CE-707C-3429B2F12921}.Release|Any CPU.Build.0 = Release|Any CPU
		{4680EED0-6FA4-34BE-A65A-77EEA7632296}.Debug|Any CPU.ActiveCfg = Debug|Any CPU
		{4680EED0-6FA4-34BE-A65A-77EEA7632296}.Debug|Any CPU.Build.0 = Debug|Any CPU
		{4680EED0-6FA4-34BE-A65A-77EEA7632296}.Release|Any CPU.ActiveCfg = Release|Any CPU
		{4680EED0-6FA4-34BE-A65A-77EEA7632296}.Release|Any CPU.Build.0 = Release|Any CPU
		{0CD7C2C0-0345-D40F-DA3F-3C02C9D6328C}.Debug|Any CPU.ActiveCfg = Debug|Any CPU
		{0CD7C2C0-0345-D40F-DA3F-3C02C9D6328C}.Debug|Any CPU.Build.0 = Debug|Any CPU
		{0CD7C2C0-0345-D40F-DA3F-3C02C9D6328C}.Release|Any CPU.ActiveCfg = Release|Any CPU
		{0CD7C2C0-0345-D40F-DA3F-3C02C9D6328C}.Release|Any CPU.Build.0 = Release|Any CPU
	EndGlobalSection
	GlobalSection(SolutionProperties) = preSolution
		HideSolutionNode = FALSE
	EndGlobalSection
	GlobalSection(ExtensibilityGlobals) = postSolution
		SolutionGuid = {E622AF35-85B8-4146-80A1-9803898CD901}
	EndGlobalSection
EndGlobal
